
Microsoft Visual Studio Solution File, Format Version 12.00
# Visual Studio Version 16
VisualStudioVersion = 16.0.29519.181
MinimumVisualStudioVersion = 10.0.40219.1
Project("{FAE04EC0-301F-11D3-BF4B-00C04F79EFBC}") = "ForEachYieldReturn", "ForEachYieldReturn\ForEachYieldReturn.csproj", "{9AFF3A75-47F7-4900-8955-46854D2201B5}"
EndProject
Global
	GlobalSection(SolutionConfigurationPlatforms) = preSolution
		Debug|Any CPU = Debug|Any CPU
		Release|Any CPU = Release|Any CPU
	EndGlobalSection
	GlobalSection(ProjectConfigurationPlatforms) = postSolution
		{9AFF3A75-47F7-4900-8955-46854D2201B5}.Debug|Any CPU.ActiveCfg = Debug|Any CPU
		{9AFF3A75-47F7-4900-8955-46854D2201B5}.Debug|Any CPU.Build.0 = Debug|Any CPU
		{9AFF3A75-47F7-4900-8955-46854D2201B5}.Release|Any CPU.ActiveCfg = Release|Any CPU
		{9AFF3A75-47F7-4900-8955-46854D2201B5}.Release|Any CPU.Build.0 = Release|Any CPU
	EndGlobalSection
	GlobalSection(SolutionProperties) = preSolution
		HideSolutionNode = FALSE
	EndGlobalSection
	GlobalSection(ExtensibilityGlobals) = postSolution
		SolutionGuid = {1D7E8548-720C-402B-ABCC-AC97520375CE}
	EndGlobalSection
EndGlobal
